
Microsoft Visual Studio Solution File, Format Version 12.00
# Visual Studio Version 16
VisualStudioVersion = 16.0.29509.3
MinimumVisualStudioVersion = 10.0.40219.1
Project("{9A19103F-16F7-4668-BE54-9A1E7A4F7556}") = "Generateur", "..\..\..\GitWeb\Millionaire\Generateur\Generateur.csproj", "{382C73A8-8B5D-4C2C-8DA8-3E1213BE0009}"
EndProject
Project("{FAE04EC0-301F-11D3-BF4B-00C04F79EFBC}") = "Table2JsonMvc", "..\..\..\GitWeb\Millionaire\Table2JsonMvc\Table2JsonMvc.csproj", "{BF65F139-AF5D-4D6D-A391-C9D1548D8C0C}"
EndProject
Global
	GlobalSection(SolutionConfigurationPlatforms) = preSolution
		Debug|Any CPU = Debug|Any CPU
		Release|Any CPU = Release|Any CPU
	EndGlobalSection
	GlobalSection(ProjectConfigurationPlatforms) = postSolution
		{382C73A8-8B5D-4C2C-8DA8-3E1213BE0009}.Debug|Any CPU.ActiveCfg = Debug|Any CPU
		{382C73A8-8B5D-4C2C-8DA8-3E1213BE0009}.Debug|Any CPU.Build.0 = Debug|Any CPU
		{382C73A8-8B5D-4C2C-8DA8-3E1213BE0009}.Release|Any CPU.ActiveCfg = Release|Any CPU
		{382C73A8-8B5D-4C2C-8DA8-3E1213BE0009}.Release|Any CPU.Build.0 = Release|Any CPU
		{BF65F139-AF5D-4D6D-A391-C9D1548D8C0C}.Debug|Any CPU.ActiveCfg = Debug|Any CPU
		{BF65F139-AF5D-4D6D-A391-C9D1548D8C0C}.Debug|Any CPU.Build.0 = Debug|Any CPU
		{BF65F139-AF5D-4D6D-A391-C9D1548D8C0C}.Release|Any CPU.ActiveCfg = Release|Any CPU
		{BF65F139-AF5D-4D6D-A391-C9D1548D8C0C}.Release|Any CPU.Build.0 = Release|Any CPU
	EndGlobalSection
	GlobalSection(SolutionProperties) = preSolution
		HideSolutionNode = FALSE
	EndGlobalSection
	GlobalSection(ExtensibilityGlobals) = postSolution
		SolutionGuid = {E92B5303-4A10-4A5D-A5A9-5F23D75F91C5}
	EndGlobalSection
EndGlobal
